
Microsoft Visual Studio Solution File, Format Version 12.00
# Visual Studio Version 17
VisualStudioVersion = 17.0.31903.59
MinimumVisualStudioVersion = 10.0.40219.1
Project("{FAE04EC0-301F-11D3-BF4B-00C04F79EFBC}") = "WriterApp.Shared", "WriterApp.Shared\WriterApp.Shared.csproj", "{95AEBCF3-CDA2-4AFE-971D-053251601E84}"
EndProject
Project("{FAE04EC0-301F-11D3-BF4B-00C04F79EFBC}") = "WriterApp.Device.Shared", "WriterApp.Device.Shared\WriterApp.Device.Shared.csproj", "{DD050DCB-CE38-4CAF-BB6F-3FACC08E80EE}"
EndProject
Project("{FAE04EC0-301F-11D3-BF4B-00C04F79EFBC}") = "WriterApp.Desktop", "WriterApp.Desktop\WriterApp.Desktop.csproj", "{933004A3-69ED-4E2D-8F68-53631F069E03}"
EndProject
Project("{FAE04EC0-301F-11D3-BF4B-00C04F79EFBC}") = "WriterApp.iOS", "WriterApp.iOS\WriterApp.iOS.csproj", "{5CE4F895-4FD3-497A-86A2-E2BA7D0F1A92}"
EndProject
Global
	GlobalSection(SolutionConfigurationPlatforms) = preSolution
		Debug|Any CPU = Debug|Any CPU
		Debug|x64 = Debug|x64
		Debug|x86 = Debug|x86
		Release|Any CPU = Release|Any CPU
		Release|x64 = Release|x64
		Release|x86 = Release|x86
	EndGlobalSection
	GlobalSection(ProjectConfigurationPlatforms) = postSolution
		{95AEBCF3-CDA2-4AFE-971D-053251601E84}.Debug|Any CPU.ActiveCfg = Debug|Any CPU
		{95AEBCF3-CDA2-4AFE-971D-053251601E84}.Debug|Any CPU.Build.0 = Debug|Any CPU
		{95AEBCF3-CDA2-4AFE-971D-053251601E84}.Debug|x64.ActiveCfg = Debug|Any CPU
		{95AEBCF3-CDA2-4AFE-971D-053251601E84}.Debug|x64.Build.0 = Debug|Any CPU
		{95AEBCF3-CDA2-4AFE-971D-053251601E84}.Debug|x86.ActiveCfg = Debug|Any CPU
		{95AEBCF3-CDA2-4AFE-971D-053251601E84}.Debug|x86.Build.0 = Debug|Any CPU
		{95AEBCF3-CDA2-4AFE-971D-053251601E84}.Release|Any CPU.ActiveCfg = Release|Any CPU
		{95AEBCF3-CDA2-4AFE-971D-053251601E84}.Release|Any CPU.Build.0 = Release|Any CPU
		{95AEBCF3-CDA2-4AFE-971D-053251601E84}.Release|x64.ActiveCfg = Release|Any CPU
		{95AEBCF3-CDA2-4AFE-971D-053251601E84}.Release|x64.Build.0 = Release|Any CPU
		{95AEBCF3-CDA2-4AFE-971D-053251601E84}.Release|x86.ActiveCfg = Release|Any CPU
		{95AEBCF3-CDA2-4AFE-971D-053251601E84}.Release|x86.Build.0 = Release|Any CPU
		{DD050DCB-CE38-4CAF-BB6F-3FACC08E80EE}.Debug|Any CPU.ActiveCfg = Debug|Any CPU
		{DD050DCB-CE38-4CAF-BB6F-3FACC08E80EE}.Debug|Any CPU.Build.0 = Debug|Any CPU
		{DD050DCB-CE38-4CAF-BB6F-3FACC08E80EE}.Debug|x64.ActiveCfg = Debug|Any CPU
		{DD050DCB-CE38-4CAF-BB6F-3FACC08E80EE}.Debug|x64.Build.0 = Debug|Any CPU
		{DD050DCB-CE38-4CAF-BB6F-3FACC08E80EE}.Debug|x86.ActiveCfg = Debug|Any CPU
		{DD050DCB-CE38-4CAF-BB6F-3FACC08E80EE}.Debug|x86.Build.0 = Debug|Any CPU
		{DD050DCB-CE38-4CAF-BB6F-3FACC08E80EE}.Release|Any CPU.ActiveCfg = Release|Any CPU
		{DD050DCB-CE38-4CAF-BB6F-3FACC08E80EE}.Release|Any CPU.Build.0 = Release|Any CPU
		{DD050DCB-CE38-4CAF-BB6F-3FACC08E80EE}.Release|x64.ActiveCfg = Release|Any CPU
		{DD050DCB-CE38-4CAF-BB6F-3FACC08E80EE}.Release|x64.Build.0 = Release|Any CPU
		{DD050DCB-CE38-4CAF-BB6F-3FACC08E80EE}.Release|x86.ActiveCfg = Release|Any CPU
		{DD050DCB-CE38-4CAF-BB6F-3FACC08E80EE}.Release|x86.Build.0 = Release|Any CPU
		{933004A3-69ED-4E2D-8F68-53631F069E03}.Debug|Any CPU.ActiveCfg = Debug|Any CPU
		{933004A3-69ED-4E2D-8F68-53631F069E03}.Debug|Any CPU.Build.0 = Debug|Any CPU
		{933004A3-69ED-4E2D-8F68-53631F069E03}.Debug|x64.ActiveCfg = Debug|Any CPU
		{933004A3-69ED-4E2D-8F68-53631F069E03}.Debug|x64.Build.0 = Debug|Any CPU
		{933004A3-69ED-4E2D-8F68-53631F069E03}.Debug|x86.ActiveCfg = Debug|Any CPU
		{933004A3-69ED-4E2D-8F68-53631F069E03}.Debug|x86.Build.0 = Debug|Any CPU
		{933004A3-69ED-4E2D-8F68-53631F069E03}.Release|Any CPU.ActiveCfg = Release|Any CPU
		{933004A3-69ED-4E2D-8F68-53631F069E03}.Release|Any CPU.Build.0 = Release|Any CPU
		{933004A3-69ED-4E2D-8F68-53631F069E03}.Release|x64.ActiveCfg = Release|Any CPU
		{933004A3-69ED-4E2D-8F68-53631F069E03}.Release|x64.Build.0 = Release|Any CPU
		{933004A3-69ED-4E2D-8F68-53631F069E03}.Release|x86.ActiveCfg = Release|Any CPU
		{933004A3-69ED-4E2D-8F68-53631F069E03}.Release|x86.Build.0 = Release|Any CPU
		{5CE4F895-4FD3-497A-86A2-E2BA7D0F1A92}.Debug|Any CPU.ActiveCfg = Debug|Any CPU
		{5CE4F895-4FD3-497A-86A2-E2BA7D0F1A92}.Debug|Any CPU.Build.0 = Debug|Any CPU
		{5CE4F895-4FD3-497A-86A2-E2BA7D0F1A92}.Debug|x64.ActiveCfg = Debug|Any CPU
		{5CE4F895-4FD3-497A-86A2-E2BA7D0F1A92}.Debug|x64.Build.0 = Debug|Any CPU
		{5CE4F895-4FD3-497A-86A2-E2BA7D0F1A92}.Debug|x86.ActiveCfg = Debug|Any CPU
		{5CE4F895-4FD3-497A-86A2-E2BA7D0F1A92}.Debug|x86.Build.0 = Debug|Any CPU
		{5CE4F895-4FD3-497A-86A2-E2BA7D0F1A92}.Release|Any CPU.ActiveCfg = Release|Any CPU
		{5CE4F895-4FD3-497A-86A2-E2BA7D0F1A92}.Release|Any CPU.Build.0 = Release|Any CPU
		{5CE4F895-4FD3-497A-86A2-E2BA7D0F1A92}.Release|x64.ActiveCfg = Release|Any CPU
		{5CE4F895-4FD3-497A-86A2-E2BA7D0F1A92}.Release|x64.Build.0 = Release|Any CPU
		{5CE4F895-4FD3-497A-86A2-E2BA7D0F1A92}.Release|x86.ActiveCfg = Release|Any CPU
		{5CE4F895-4FD3-497A-86A2-E2BA7D0F1A92}.Release|x86.Build.0 = Release|Any CPU
	EndGlobalSection
	GlobalSection(SolutionProperties) = preSolution
		HideSolutionNode = FALSE
	EndGlobalSection
EndGlobal
